
Microsoft Visual Studio Solution File, Format Version 12.00
# Visual Studio Version 17
VisualStudioVersion = 17.3.32811.315
MinimumVisualStudioVersion = 10.0.40219.1
Project("{FAE04EC0-301F-11D3-BF4B-00C04F79EFBC}") = "Satolist2", "Satolist2\Satolist2.csproj", "{63F464CC-8796-40B0-A823-18C07B7C86AA}"
	ProjectSection(ProjectDependencies) = postProject
		{5B5CCB11-EF8F-4DB4-AF25-B218EC5360B8} = {5B5CCB11-EF8F-4DB4-AF25-B218EC5360B8}
	EndProjectSection
EndProject
Project("{FAE04EC0-301F-11D3-BF4B-00C04F79EFBC}") = "SatoriProxy", "SatoriProxy\SatoriProxy.csproj", "{5B5CCB11-EF8F-4DB4-AF25-B218EC5360B8}"
EndProject
Project("{FAE04EC0-301F-11D3-BF4B-00C04F79EFBC}") = "SatolistTest", "SatolistTest\SatolistTest.csproj", "{005B4FD0-9715-4627-8217-42CD2BBABB98}"
EndProject
Project("{D954291E-2A0B-460D-934E-DC6B0785DB48}") = "SatolistResource", "SatolistResource\SatolistResource.shproj", "{B1229B67-46C4-4A31-8EA9-6736D543C08D}"
EndProject
Project("{FAE04EC0-301F-11D3-BF4B-00C04F79EFBC}") = "UpdateFileListGenerator", "UpdateFileListGenerator\UpdateFileListGenerator.csproj", "{F0956490-5632-437E-8243-0CCECE31A4D3}"
EndProject
Project("{FAE04EC0-301F-11D3-BF4B-00C04F79EFBC}") = "SatolistUpdator", "SatolistUpdator\SatolistUpdator.csproj", "{789C550A-4B6A-40BB-9355-10D7C27EEE40}"
EndProject
Project("{FAE04EC0-301F-11D3-BF4B-00C04F79EFBC}") = "SatolistDeploy", "SatolistDeploy\SatolistDeploy.csproj", "{5B7644AA-2E0F-4F45-80C0-01C50208EB22}"
EndProject
Global
	GlobalSection(SolutionConfigurationPlatforms) = preSolution
		Debug|Any CPU = Debug|Any CPU
		Debug|x64 = Debug|x64
		Debug|x86 = Debug|x86
		Deploy|Any CPU = Deploy|Any CPU
		Deploy|x64 = Deploy|x64
		Deploy|x86 = Deploy|x86
		Release|Any CPU = Release|Any CPU
		Release|x64 = Release|x64
		Release|x86 = Release|x86
	EndGlobalSection
	GlobalSection(ProjectConfigurationPlatforms) = postSolution
		{63F464CC-8796-40B0-A823-18C07B7C86AA}.Debug|Any CPU.ActiveCfg = Debug|Any CPU
		{63F464CC-8796-40B0-A823-18C07B7C86AA}.Debug|Any CPU.Build.0 = Debug|Any CPU
		{63F464CC-8796-40B0-A823-18C07B7C86AA}.Debug|x64.ActiveCfg = Debug|Any CPU
		{63F464CC-8796-40B0-A823-18C07B7C86AA}.Debug|x64.Build.0 = Debug|Any CPU
		{63F464CC-8796-40B0-A823-18C07B7C86AA}.Debug|x86.ActiveCfg = Debug|Any CPU
		{63F464CC-8796-40B0-A823-18C07B7C86AA}.Debug|x86.Build.0 = Debug|Any CPU
		{63F464CC-8796-40B0-A823-18C07B7C86AA}.Deploy|Any CPU.ActiveCfg = Deploy|Any CPU
		{63F464CC-8796-40B0-A823-18C07B7C86AA}.Deploy|Any CPU.Build.0 = Deploy|Any CPU
		{63F464CC-8796-40B0-A823-18C07B7C86AA}.Deploy|x64.ActiveCfg = Release|Any CPU
		{63F464CC-8796-40B0-A823-18C07B7C86AA}.Deploy|x64.Build.0 = Release|Any CPU
		{63F464CC-8796-40B0-A823-18C07B7C86AA}.Deploy|x86.ActiveCfg = Release|Any CPU
		{63F464CC-8796-40B0-A823-18C07B7C86AA}.Deploy|x86.Build.0 = Release|Any CPU
		{63F464CC-8796-40B0-A823-18C07B7C86AA}.Release|Any CPU.ActiveCfg = Release|Any CPU
		{63F464CC-8796-40B0-A823-18C07B7C86AA}.Release|Any CPU.Build.0 = Release|Any CPU
		{63F464CC-8796-40B0-A823-18C07B7C86AA}.Release|x64.ActiveCfg = Release|Any CPU
		{63F464CC-8796-40B0-A823-18C07B7C86AA}.Release|x64.Build.0 = Release|Any CPU
		{63F464CC-8796-40B0-A823-18C07B7C86AA}.Release|x86.ActiveCfg = Release|Any CPU
		{63F464CC-8796-40B0-A823-18C07B7C86AA}.Release|x86.Build.0 = Release|Any CPU
		{5B5CCB11-EF8F-4DB4-AF25-B218EC5360B8}.Debug|Any CPU.ActiveCfg = Debug|Any CPU
		{5B5CCB11-EF8F-4DB4-AF25-B218EC5360B8}.Debug|Any CPU.Build.0 = Debug|Any CPU
		{5B5CCB11-EF8F-4DB4-AF25-B218EC5360B8}.Debug|x64.ActiveCfg = Debug|Any CPU
		{5B5CCB11-EF8F-4DB4-AF25-B218EC5360B8}.Debug|x64.Build.0 = Debug|Any CPU
		{5B5CCB11-EF8F-4DB4-AF25-B218EC5360B8}.Debug|x86.ActiveCfg = Debug|Any CPU
		{5B5CCB11-EF8F-4DB4-AF25-B218EC5360B8}.Debug|x86.Build.0 = Debug|Any CPU
		{5B5CCB11-EF8F-4DB4-AF25-B218EC5360B8}.Deploy|Any CPU.ActiveCfg = Deploy|Any CPU
		{5B5CCB11-EF8F-4DB4-AF25-B218EC5360B8}.Deploy|Any CPU.Build.0 = Deploy|Any CPU
		{5B5CCB11-EF8F-4DB4-AF25-B218EC5360B8}.Deploy|x64.ActiveCfg = Release|Any CPU
		{5B5CCB11-EF8F-4DB4-AF25-B218EC5360B8}.Deploy|x64.Build.0 = Release|Any CPU
		{5B5CCB11-EF8F-4DB4-AF25-B218EC5360B8}.Deploy|x86.ActiveCfg = Release|Any CPU
		{5B5CCB11-EF8F-4DB4-AF25-B218EC5360B8}.Deploy|x86.Build.0 = Release|Any CPU
		{5B5CCB11-EF8F-4DB4-AF25-B218EC5360B8}.Release|Any CPU.ActiveCfg = Release|Any CPU
		{5B5CCB11-EF8F-4DB4-AF25-B218EC5360B8}.Release|Any CPU.Build.0 = Release|Any CPU
		{5B5CCB11-EF8F-4DB4-AF25-B218EC5360B8}.Release|x64.ActiveCfg = Release|Any CPU
		{5B5CCB11-EF8F-4DB4-AF25-B218EC5360B8}.Release|x64.Build.0 = Release|Any CPU
		{5B5CCB11-EF8F-4DB4-AF25-B218EC5360B8}.Release|x86.ActiveCfg = Release|Any CPU
		{5B5CCB11-EF8F-4DB4-AF25-B218EC5360B8}.Release|x86.Build.0 = Release|Any CPU
		{005B4FD0-9715-4627-8217-42CD2BBABB98}.Debug|Any CPU.ActiveCfg = Debug|Any CPU
		{005B4FD0-9715-4627-8217-42CD2BBABB98}.Debug|Any CPU.Build.0 = Debug|Any CPU
		{005B4FD0-9715-4627-8217-42CD2BBABB98}.Debug|x64.ActiveCfg = Debug|Any CPU
		{005B4FD0-9715-4627-8217-42CD2BBABB98}.Debug|x64.Build.0 = Debug|Any CPU
		{005B4FD0-9715-4627-8217-42CD2BBABB98}.Debug|x86.ActiveCfg = Debug|Any CPU
		{005B4FD0-9715-4627-8217-42CD2BBABB98}.Debug|x86.Build.0 = Debug|Any CPU
		{005B4FD0-9715-4627-8217-42CD2BBABB98}.Deploy|Any CPU.ActiveCfg = Release|Any CPU
		{005B4FD0-9715-4627-8217-42CD2BBABB98}.Deploy|x64.ActiveCfg = Release|Any CPU
		{005B4FD0-9715-4627-8217-42CD2BBABB98}.Deploy|x64.Build.0 = Release|Any CPU
		{005B4FD0-9715-4627-8217-42CD2BBABB98}.Deploy|x86.ActiveCfg = Release|Any CPU
		{005B4FD0-9715-4627-8217-42CD2BBABB98}.Deploy|x86.Build.0 = Release|Any CPU
		{005B4FD0-9715-4627-8217-42CD2BBABB98}.Release|Any CPU.ActiveCfg = Release|Any CPU
		{005B4FD0-9715-4627-8217-42CD2BBABB98}.Release|Any CPU.Build.0 = Release|Any CPU
		{005B4FD0-9715-4627-8217-42CD2BBABB98}.Release|x64.ActiveCfg = Release|Any CPU
		{005B4FD0-9715-4627-8217-42CD2BBABB98}.Release|x64.Build.0 = Release|Any CPU
		{005B4FD0-9715-4627-8217-42CD2BBABB98}.Release|x86.ActiveCfg = Release|Any CPU
		{005B4FD0-9715-4627-8217-42CD2BBABB98}.Release|x86.Build.0 = Release|Any CPU
		{F0956490-5632-437E-8243-0CCECE31A4D3}.Debug|Any CPU.ActiveCfg = Debug|Any CPU
		{F0956490-5632-437E-8243-0CCECE31A4D3}.Debug|Any CPU.Build.0 = Debug|Any CPU
		{F0956490-5632-437E-8243-0CCECE31A4D3}.Debug|x64.ActiveCfg = Debug|Any CPU
		{F0956490-5632-437E-8243-0CCECE31A4D3}.Debug|x64.Build.0 = Debug|Any CPU
		{F0956490-5632-437E-8243-0CCECE31A4D3}.Debug|x86.ActiveCfg = Debug|Any CPU
		{F0956490-5632-437E-8243-0CCECE31A4D3}.Debug|x86.Build.0 = Debug|Any CPU
		{F0956490-5632-437E-8243-0CCECE31A4D3}.Deploy|Any CPU.ActiveCfg = Deploy|Any CPU
		{F0956490-5632-437E-8243-0CCECE31A4D3}.Deploy|Any CPU.Build.0 = Deploy|Any CPU
		{F0956490-5632-437E-8243-0CCECE31A4D3}.Deploy|x64.ActiveCfg = Debug|Any CPU
		{F0956490-5632-437E-8243-0CCECE31A4D3}.Deploy|x64.Build.0 = Debug|Any CPU
		{F0956490-5632-437E-8243-0CCECE31A4D3}.Deploy|x86.ActiveCfg = Debug|Any CPU
		{F0956490-5632-437E-8243-0CCECE31A4D3}.Deploy|x86.Build.0 = Debug|Any CPU
		{F0956490-5632-437E-8243-0CCECE31A4D3}.Release|Any CPU.ActiveCfg = Release|Any CPU
		{F0956490-5632-437E-8243-0CCECE31A4D3}.Release|Any CPU.Build.0 = Release|Any CPU
		{F0956490-5632-437E-8243-0CCECE31A4D3}.Release|x64.ActiveCfg = Release|Any CPU
		{F0956490-5632-437E-8243-0CCECE31A4D3}.Release|x64.Build.0 = Release|Any CPU
		{F0956490-5632-437E-8243-0CCECE31A4D3}.Release|x86.ActiveCfg = Release|Any CPU
		{F0956490-5632-437E-8243-0CCECE31A4D3}.Release|x86.Build.0 = Release|Any CPU
		{789C550A-4B6A-40BB-9355-10D7C27EEE40}.Debug|Any CPU.ActiveCfg = Debug|Any CPU
		{789C550A-4B6A-40BB-9355-10D7C27EEE40}.Debug|Any CPU.Build.0 = Debug|Any CPU
		{789C550A-4B6A-40BB-9355-10D7C27EEE40}.Debug|x64.ActiveCfg = Debug|Any CPU
		{789C550A-4B6A-40BB-9355-10D7C27EEE40}.Debug|x64.Build.0 = Debug|Any CPU
		{789C550A-4B6A-40BB-9355-10D7C27EEE40}.Debug|x86.ActiveCfg = Debug|Any CPU
		{789C550A-4B6A-40BB-9355-10D7C27EEE40}.Debug|x86.Build.0 = Debug|Any CPU
		{789C550A-4B6A-40BB-9355-10D7C27EEE40}.Deploy|Any CPU.ActiveCfg = Deploy|Any CPU
		{789C550A-4B6A-40BB-9355-10D7C27EEE40}.Deploy|Any CPU.Build.0 = Deploy|Any CPU
		{789C550A-4B6A-40BB-9355-10D7C27EEE40}.Deploy|x64.ActiveCfg = Debug|Any CPU
		{789C550A-4B6A-40BB-9355-10D7C27EEE40}.Deploy|x64.Build.0 = Debug|Any CPU
		{789C550A-4B6A-40BB-9355-10D7C27EEE40}.Deploy|x86.ActiveCfg = Debug|Any CPU
		{789C550A-4B6A-40BB-9355-10D7C27EEE40}.Deploy|x86.Build.0 = Debug|Any CPU
		{789C550A-4B6A-40BB-9355-10D7C27EEE40}.Release|Any CPU.ActiveCfg = Release|Any CPU
		{789C550A-4B6A-40BB-9355-10D7C27EEE40}.Release|Any CPU.Build.0 = Release|Any CPU
		{789C550A-4B6A-40BB-9355-10D7C27EEE40}.Release|x64.ActiveCfg = Release|Any CPU
		{789C550A-4B6A-40BB-9355-10D7C27EEE40}.Release|x64.Build.0 = Release|Any CPU
		{789C550A-4B6A-40BB-9355-10D7C27EEE40}.Release|x86.ActiveCfg = Release|Any CPU
		{789C550A-4B6A-40BB-9355-10D7C27EEE40}.Release|x86.Build.0 = Release|Any CPU
		{5B7644AA-2E0F-4F45-80C0-01C50208EB22}.Debug|Any CPU.ActiveCfg = Debug|Any CPU
		{5B7644AA-2E0F-4F45-80C0-01C50208EB22}.Debug|Any CPU.Build.0 = Debug|Any CPU
		{5B7644AA-2E0F-4F45-80C0-01C50208EB22}.Debug|x64.ActiveCfg = Debug|Any CPU
		{5B7644AA-2E0F-4F45-80C0-01C50208EB22}.Debug|x64.Build.0 = Debug|Any CPU
		{5B7644AA-2E0F-4F45-80C0-01C50208EB22}.Debug|x86.ActiveCfg = Debug|Any CPU
		{5B7644AA-2E0F-4F45-80C0-01C50208EB22}.Debug|x86.Build.0 = Debug|Any CPU
		{5B7644AA-2E0F-4F45-80C0-01C50208EB22}.Deploy|Any CPU.ActiveCfg = Deploy|Any CPU
		{5B7644AA-2E0F-4F45-80C0-01C50208EB22}.Deploy|Any CPU.Build.0 = Deploy|Any CPU
		{5B7644AA-2E0F-4F45-80C0-01C50208EB22}.Deploy|x64.ActiveCfg = Debug|Any CPU
		{5B7644AA-2E0F-4F45-80C0-01C50208EB22}.Deploy|x64.Build.0 = Debug|Any CPU
		{5B7644AA-2E0F-4F45-80C0-01C50208EB22}.Deploy|x86.ActiveCfg = Debug|Any CPU
		{5B7644AA-2E0F-4F45-80C0-01C50208EB22}.Deploy|x86.Build.0 = Debug|Any CPU
		{5B7644AA-2E0F-4F45-80C0-01C50208EB22}.Release|Any CPU.ActiveCfg = Release|Any CPU
		{5B7644AA-2E0F-4F45-80C0-01C50208EB22}.Release|Any CPU.Build.0 = Release|Any CPU
		{5B7644AA-2E0F-4F45-80C0-01C50208EB22}.Release|x64.ActiveCfg = Release|Any CPU
		{5B7644AA-2E0F-4F45-80C0-01C50208EB22}.Release|x64.Build.0 = Release|Any CPU
		{5B7644AA-2E0F-4F45-80C0-01C50208EB22}.Release|x86.ActiveCfg = Release|Any CPU
		{5B7644AA-2E0F-4F45-80C0-01C50208EB22}.Release|x86.Build.0 = Release|Any CPU
	EndGlobalSection
	GlobalSection(SolutionProperties) = preSolution
		HideSolutionNode = FALSE
	EndGlobalSection
	GlobalSection(ExtensibilityGlobals) = postSolution
		SolutionGuid = {ECD96FF8-04C8-4688-A4E8-02616B872ACD}
	EndGlobalSection
	GlobalSection(SharedMSBuildProjectFiles) = preSolution
		SatolistResource\SatolistResource.projitems*{63f464cc-8796-40b0-a823-18c07b7c86aa}*SharedItemsImports = 4
		SatolistResource\SatolistResource.projitems*{b1229b67-46c4-4a31-8ea9-6736d543c08d}*SharedItemsImports = 13
	EndGlobalSection
EndGlobal
